Microsoft Visual Studio Solution File, Format Version 12.00
# Visual Studio Version 17
VisualStudioVersion = 17.5.2.0
MinimumVisualStudioVersion = 10.0.40219.1
Project("{FAE04EC0-301F-11D3-BF4B-00C04F79EFBC}") = "firebase-auth", "firebase-auth.csproj", "{75E332BA-6C3E-BE41-53CB-9031D2B93557}"
EndProject
Global
	GlobalSection(SolutionConfigurationPlatforms) = preSolution
		Debug|Any CPU = Debug|Any CPU
		Release|Any CPU = Release|Any CPU
	EndGlobalSection
	GlobalSection(ProjectConfigurationPlatforms) = postSolution
		{75E332BA-6C3E-BE41-53CB-9031D2B93557}.Debug|Any CPU.ActiveCfg = Debug|Any CPU
		{75E332BA-6C3E-BE41-53CB-9031D2B93557}.Debug|Any CPU.Build.0 = Debug|Any CPU
		{75E332BA-6C3E-BE41-53CB-9031D2B93557}.Release|Any CPU.ActiveCfg = Release|Any CPU
		{75E332BA-6C3E-BE41-53CB-9031D2B93557}.Release|Any CPU.Build.0 = Release|Any CPU
	EndGlobalSection
	GlobalSection(SolutionProperties) = preSolution
		HideSolutionNode = FALSE
	EndGlobalSection
	GlobalSection(ExtensibilityGlobals) = postSolution
		SolutionGuid = {3EE2FA0D-BE1B-48B7-9556-7C85E1D00C8B}
	EndGlobalSection
EndGlobal
